
Microsoft Visual Studio Solution File, Format Version 12.00
# Visual Studio Version 17
VisualStudioVersion = 17.10.35122.118
MinimumVisualStudioVersion = 10.0.40219.1
Project("{8BC9CEB8-8B4A-11D0-8D11-00A0C91BC942}") = "vector-test-10-9", "vector-test-10-9\vector-test-10-9.vcxproj", "{29C38039-071F-412B-B1F6-13617C715927}"
EndProject
Global
	GlobalSection(SolutionConfigurationPlatforms) = preSolution
		Debug|x64 = Debug|x64
		Debug|x86 = Debug|x86
		Release|x64 = Release|x64
		Release|x86 = Release|x86
	EndGlobalSection
	GlobalSection(ProjectConfigurationPlatforms) = postSolution
		{29C38039-071F-412B-B1F6-13617C715927}.Debug|x64.ActiveCfg = Debug|x64
		{29C38039-071F-412B-B1F6-13617C715927}.Debug|x64.Build.0 = Debug|x64
		{29C38039-071F-412B-B1F6-13617C715927}.Debug|x86.ActiveCfg = Debug|Win32
		{29C38039-071F-412B-B1F6-13617C715927}.Debug|x86.Build.0 = Debug|Win32
		{29C38039-071F-412B-B1F6-13617C715927}.Release|x64.ActiveCfg = Release|x64
		{29C38039-071F-412B-B1F6-13617C715927}.Release|x64.Build.0 = Release|x64
		{29C38039-071F-412B-B1F6-13617C715927}.Release|x86.ActiveCfg = Release|Win32
		{29C38039-071F-412B-B1F6-13617C715927}.Release|x86.Build.0 = Release|Win32
	EndGlobalSection
	GlobalSection(SolutionProperties) = preSolution
		HideSolutionNode = FALSE
	EndGlobalSection
	GlobalSection(ExtensibilityGlobals) = postSolution
		SolutionGuid = {74146ED4-3DFF-4892-BF14-DFD53829E157}
	EndGlobalSection
EndGlobal
